# THIS IS AN AUTOGENERATED FILE. DO NOT EDIT THIS FILE DIRECTLY.
# yarn lockfile v1


"@babel/runtime@^7.21.0":
  version "7.23.2"
  resolved "https://registry.npmjs.org/@babel/runtime/-/runtime-7.23.2.tgz"
  integrity sha512-mM8eg4yl5D6i3lu2QKPuPH4FArvJ8KhTofbE7jwMUv9KX5mBvwPAqnV3MlyBNqdp9RyRKP6Yck8TrfYrPvX3bg==
  dependencies:
    regenerator-runtime "^0.14.0"

"@prisma/client@5.5.2":
  version "5.5.2"
  resolved "https://registry.yarnpkg.com/@prisma/client/-/client-5.5.2.tgz#ce6389e7ad9e9cf0fc2a7c6a0032ad2e12a9fd61"
  integrity sha512-54XkqR8M+fxbzYqe+bIXimYnkkcGqgOh0dn0yWtIk6CQT4IUCAvNFNcQZwk2KqaLU+/1PHTSWrcHtx4XjluR5w==
  dependencies:
    "@prisma/engines-version" "5.5.1-1.aebc046ce8b88ebbcb45efe31cbe7d06fd6abc0a"

"@prisma/engines-version@5.5.1-1.aebc046ce8b88ebbcb45efe31cbe7d06fd6abc0a":
  version "5.5.1-1.aebc046ce8b88ebbcb45efe31cbe7d06fd6abc0a"
  resolved "https://registry.yarnpkg.com/@prisma/engines-version/-/engines-version-5.5.1-1.aebc046ce8b88ebbcb45efe31cbe7d06fd6abc0a.tgz#35cd59ed65ee1f9e333f4865ec86a4432c4d0a9c"
  integrity sha512-O+qHFnZvAyOFk1tUco2/VdiqS0ym42a3+6CYLScllmnpbyiTplgyLt2rK/B9BTjYkSHjrgMhkG47S0oqzdIckA==

"@prisma/engines@5.5.2":
  version "5.5.2"
  resolved "https://registry.yarnpkg.com/@prisma/engines/-/engines-5.5.2.tgz#fe0d2361a48c7d59568ccf0d35c75432594e1ac1"
  integrity sha512-Be5hoNF8k+lkB3uEMiCHbhbfF6aj1GnrTBnn5iYFT7GEr3TsOEp1soviEcBR0tYCgHbxjcIxJMhdbvxALJhAqg==

csv-parse@^5.5.2:
  version "5.5.2"
  resolved "https://registry.yarnpkg.com/csv-parse/-/csv-parse-5.5.2.tgz#ab525e642093dccff7c5cca5c7b71fd3e99fe8f2"
  integrity sha512-YRVtvdtUNXZCMyK5zd5Wty1W6dNTpGKdqQd4EQ8tl/c6KW1aMBB1Kg1ppky5FONKmEqGJ/8WjLlTNLPne4ioVA==

date-fns@^2.30.0:
  version "2.30.0"
  resolved "https://registry.npmjs.org/date-fns/-/date-fns-2.30.0.tgz"
  integrity sha512-fnULvOpxnC5/Vg3NCiWelDsLiUc9bRwAPs/+LfTLNvetFCtCTN+yQz15C/fs4AwX1R9K5GLtLfn8QW+dWisaAw==
  dependencies:
    "@babel/runtime" "^7.21.0"

lodash.pick@^4.4.0:
  version "4.4.0"
  resolved "https://registry.yarnpkg.com/lodash.pick/-/lodash.pick-4.4.0.tgz#52f05610fff9ded422611441ed1fc123a03001b3"
  integrity sha512-hXt6Ul/5yWjfklSGvLQl8vM//l3FtyHZeuelpzK6mm99pNvN9yTDruNZPEJZD1oWrqo+izBmB7oUfWgcCX7s4Q==

prisma@^5.5.2:
  version "5.5.2"
  resolved "https://registry.yarnpkg.com/prisma/-/prisma-5.5.2.tgz#54ad2f04f0dd4174f27128e4447013e8d75c4d69"
  integrity sha512-WQtG6fevOL053yoPl6dbHV+IWgKo25IRN4/pwAGqcWmg7CrtoCzvbDbN9fXUc7QS2KK0LimHIqLsaCOX/vHl8w==
  dependencies:
    "@prisma/engines" "5.5.2"

regenerator-runtime@^0.14.0:
  version "0.14.0"
  resolved "https://registry.npmjs.org/regenerator-runtime/-/regenerator-runtime-0.14.0.tgz"
  integrity sha512-srw17NI0TUWHuGa5CFGGmhfNIeja30WMBfbslPNhf6JrqQlLN5gcrvig1oqPxiVaXb0oW0XRKtH6Nngs5lKCIA==
